
Microsoft Visual Studio Solution File, Format Version 12.00
# Visual Studio 2013
VisualStudioVersion = 12.0.31101.0
MinimumVisualStudioVersion = 10.0.40219.1
Project("{FAE04EC0-301F-11D3-BF4B-00C04F79EFBC}") = "Graphout", "Graphout\Graphout.csproj", "{8F8ABE8B-0E4A-41EC-BD36-C21854E77816}"
EndProject
Project("{FAE04EC0-301F-11D3-BF4B-00C04F79EFBC}") = "PlotterLib", "Plotter\PlotterLib.csproj", "{8D791409-65AC-4D55-A32C-AED7A9A4DED1}"
EndProject
Project("{FAE04EC0-301F-11D3-BF4B-00C04F79EFBC}") = "UnitTestProject1", "UnitTestProject1\UnitTestProject1.csproj", "{90571EBA-039B-441B-B0D7-1D830F205B34}"
EndProject
Global
	GlobalSection(SolutionConfigurationPlatforms) = preSolution
		Debug|Any CPU = Debug|Any CPU
		Release|Any CPU = Release|Any CPU
	EndGlobalSection
	GlobalSection(ProjectConfigurationPlatforms) = postSolution
		{8F8ABE8B-0E4A-41EC-BD36-C21854E77816}.Debug|Any CPU.ActiveCfg = Debug|Any CPU
		{8F8ABE8B-0E4A-41EC-BD36-C21854E77816}.Debug|Any CPU.Build.0 = Debug|Any CPU
		{8F8ABE8B-0E4A-41EC-BD36-C21854E77816}.Release|Any CPU.ActiveCfg = Release|Any CPU
		{8F8ABE8B-0E4A-41EC-BD36-C21854E77816}.Release|Any CPU.Build.0 = Release|Any CPU
		{8D791409-65AC-4D55-A32C-AED7A9A4DED1}.Debug|Any CPU.ActiveCfg = Debug|Any CPU
		{8D791409-65AC-4D55-A32C-AED7A9A4DED1}.Debug|Any CPU.Build.0 = Debug|Any CPU
		{8D791409-65AC-4D55-A32C-AED7A9A4DED1}.Release|Any CPU.ActiveCfg = Release|Any CPU
		{8D791409-65AC-4D55-A32C-AED7A9A4DED1}.Release|Any CPU.Build.0 = Release|Any CPU
		{90571EBA-039B-441B-B0D7-1D830F205B34}.Debug|Any CPU.ActiveCfg = Debug|Any CPU
		{90571EBA-039B-441B-B0D7-1D830F205B34}.Debug|Any CPU.Build.0 = Debug|Any CPU
		{90571EBA-039B-441B-B0D7-1D830F205B34}.Release|Any CPU.ActiveCfg = Release|Any CPU
		{90571EBA-039B-441B-B0D7-1D830F205B34}.Release|Any CPU.Build.0 = Release|Any CPU
	EndGlobalSection
	GlobalSection(SolutionProperties) = preSolution
		HideSolutionNode = FALSE
	EndGlobalSection
EndGlobal
